{
  "pins" : [
    {
      "identity" : "nimbi-kit",
      "kind" : "remoteSourceControl",
      "location" : "https://github.com/behkha/nimbi-kit.git",
      "state" : {
        "revision" : "5d5044d691eb49b36eb9c8f1f2a4f40ad67063a7",
        "version" : "0.3.0"
      }
    }
  ],
  "version" : 2
}
