{
  "pins" : [
    {
      "identity" : "nimbi-kit",
      "kind" : "remoteSourceControl",
      "location" : "https://github.com/behkha/nimbi-kit.git",
      "state" : {
        "revision" : "713df7c1576a3b46617327c2da550a48eddc57dd",
        "version" : "0.2.0"
      }
    }
  ],
  "version" : 2
}
